{
  "object": {
    "pins": [
      {
        "package": "OpenSSL",
        "repositoryURL": "git@git.pado.name:highlighter/openssl.git",
        "state": {
          "branch": "master",
          "revision": "4d9cdddab5d1f06dccb8e86118ce5cf47d14159e",
          "version": null
        }
      }
    ]
  },
  "version": 1
}
