// !$*UTF8*$!
{
	archiveVersion = 1;
	classes = {
	};
	objectVersion = 50;
	objects = {

/* Begin PBXBuildFile section */
		041EFEF92251A9F30058D8EE /* AppDelegate.swift in Sources */ = {isa = PBXBuildFile; fileRef = 041EFEF82251A9F30058D8EE /* AppDelegate.swift */; };
		041EFEFB2251A9F30058D8EE /* AppViewController.swift in Sources */ = {isa = PBXBuildFile; fileRef = 041EFEFA2251A9F30058D8EE /* AppViewController.swift */; };
		041EFF002251A9F50058D8EE /* Assets.xcassets in Resources */ = {isa = PBXBuildFile; fileRef = 041EFEFF2251A9F50058D8EE /* Assets.xcassets */; };
		041EFF032251A9F50058D8EE /* LaunchScreen.storyboard in Resources */ = {isa = PBXBuildFile; fileRef = 041EFF012251A9F50058D8EE /* LaunchScreen.storyboard */; };
		041EFF0E2251A9F50058D8EE /* IntroViewControllerTests.swift in Sources */ = {isa = PBXBuildFile; fileRef = 041EFF0D2251A9F50058D8EE /* IntroViewControllerTests.swift */; };
		041EFF192251AAFE0058D8EE /* UIViewControllerExtensions.swift in Sources */ = {isa = PBXBuildFile; fileRef = 041EFF182251AAFE0058D8EE /* UIViewControllerExtensions.swift */; };
		041EFF1B2251AB8D0058D8EE /* AppWindow.swift in Sources */ = {isa = PBXBuildFile; fileRef = 041EFF1A2251AB8D0058D8EE /* AppWindow.swift */; };
		041EFF492252FAF50058D8EE /* IntroViewController.swift in Sources */ = {isa = PBXBuildFile; fileRef = 041EFF482252FAF50058D8EE /* IntroViewController.swift */; };
		041EFF4B225300030058D8EE /* Localizable.strings in Resources */ = {isa = PBXBuildFile; fileRef = 041EFF4A225300030058D8EE /* Localizable.strings */; };
		041EFF4E225302CC0058D8EE /* IntroView.swift in Sources */ = {isa = PBXBuildFile; fileRef = 041EFF4D225302CC0058D8EE /* IntroView.swift */; };
		041EFF50225303120058D8EE /* PromptLabel.swift in Sources */ = {isa = PBXBuildFile; fileRef = 041EFF4F225303120058D8EE /* PromptLabel.swift */; };
		041EFF52225303430058D8EE /* PromptButton.swift in Sources */ = {isa = PBXBuildFile; fileRef = 041EFF51225303430058D8EE /* PromptButton.swift */; };
		041EFF552255A0B00058D8EE /* Colors.swift in Sources */ = {isa = PBXBuildFile; fileRef = 041EFF542255A0B00058D8EE /* Colors.swift */; };
		041EFF582255A2FB0058D8EE /* Aleo-Bold.otf in Resources */ = {isa = PBXBuildFile; fileRef = 041EFF562255A2ED0058D8EE /* Aleo-Bold.otf */; };
		041EFF592255A2FB0058D8EE /* Aleo-Regular.otf in Resources */ = {isa = PBXBuildFile; fileRef = 041EFF572255A2EE0058D8EE /* Aleo-Regular.otf */; };
		041EFF5B2255A39D0058D8EE /* Fonts.swift in Sources */ = {isa = PBXBuildFile; fileRef = 041EFF5A2255A39D0058D8EE /* Fonts.swift */; };
		041EFF5D2255A85F0058D8EE /* NavigationController.swift in Sources */ = {isa = PBXBuildFile; fileRef = 041EFF5C2255A85F0058D8EE /* NavigationController.swift */; };
		041EFF6B225C36350058D8EE /* PhotoLibraryViewController.swift in Sources */ = {isa = PBXBuildFile; fileRef = 041EFF6A225C36350058D8EE /* PhotoLibraryViewController.swift */; };
		041EFF6E225C38800058D8EE /* PhotoSelectionViewController.swift in Sources */ = {isa = PBXBuildFile; fileRef = 041EFF6D225C38800058D8EE /* PhotoSelectionViewController.swift */; };
		041EFF70225C3D830058D8EE /* PhotoLibraryView.swift in Sources */ = {isa = PBXBuildFile; fileRef = 041EFF6F225C3D830058D8EE /* PhotoLibraryView.swift */; };
		041EFF72225C3DC00058D8EE /* PhotoLibraryDataSource.swift in Sources */ = {isa = PBXBuildFile; fileRef = 041EFF71225C3DC00058D8EE /* PhotoLibraryDataSource.swift */; };
		041EFF74225C3DD20058D8EE /* PhotoLibraryViewCell.swift in Sources */ = {isa = PBXBuildFile; fileRef = 041EFF73225C3DD20058D8EE /* PhotoLibraryViewCell.swift */; };
		041EFF76225C3DF10058D8EE /* PhotoLibraryViewLayout.swift in Sources */ = {isa = PBXBuildFile; fileRef = 041EFF75225C3DF10058D8EE /* PhotoLibraryViewLayout.swift */; };
		042A2B78228A5B6F00353414 /* PhotoExporter.swift in Sources */ = {isa = PBXBuildFile; fileRef = 042A2B77228A5B6F00353414 /* PhotoExporter.swift */; };
		042A2B7A228A642100353414 /* PhotoEditingProtectionAlertController.swift in Sources */ = {isa = PBXBuildFile; fileRef = 042A2B79228A642100353414 /* PhotoEditingProtectionAlertController.swift */; };
		042A2B7C228A68C900353414 /* PhotoPermissionsRestrictedAlertController.swift in Sources */ = {isa = PBXBuildFile; fileRef = 042A2B7B228A68C900353414 /* PhotoPermissionsRestrictedAlertController.swift */; };
		042A2B7E228CFEDB00353414 /* PhotoEditingNavigationController.swift in Sources */ = {isa = PBXBuildFile; fileRef = 042A2B7D228CFEDB00353414 /* PhotoEditingNavigationController.swift */; };
		042A2B81228D012F00353414 /* NavigationBar.swift in Sources */ = {isa = PBXBuildFile; fileRef = 042A2B80228D012F00353414 /* NavigationBar.swift */; };
		042A2B83228D014900353414 /* Toolbar.swift in Sources */ = {isa = PBXBuildFile; fileRef = 042A2B82228D014900353414 /* Toolbar.swift */; };
		042A2B85228D01BD00353414 /* HighlighterTool.swift in Sources */ = {isa = PBXBuildFile; fileRef = 042A2B84228D01BD00353414 /* HighlighterTool.swift */; };
		042A2B87228D08D800353414 /* CharacterObservationRedaction.swift in Sources */ = {isa = PBXBuildFile; fileRef = 042A2B86228D08D800353414 /* CharacterObservationRedaction.swift */; };
		042A2B89228D091000353414 /* PathRedaction.swift in Sources */ = {isa = PBXBuildFile; fileRef = 042A2B88228D091000353414 /* PathRedaction.swift */; };
		042A39AD22811F87009C1C07 /* Redaction.swift in Sources */ = {isa = PBXBuildFile; fileRef = 042A39AC22811F87009C1C07 /* Redaction.swift */; };
		042A39AF228125FA009C1C07 /* PhotoEditingRedactionView.swift in Sources */ = {isa = PBXBuildFile; fileRef = 042A39AE228125FA009C1C07 /* PhotoEditingRedactionView.swift */; };
		042B78FA229A2560005B7A2A /* SettingsAppEntryTableViewCell.swift in Sources */ = {isa = PBXBuildFile; fileRef = 042B78F9229A2560005B7A2A /* SettingsAppEntryTableViewCell.swift */; };
		042B78FC229A257E005B7A2A /* SettingsTableViewCellLabel.swift in Sources */ = {isa = PBXBuildFile; fileRef = 042B78FB229A257E005B7A2A /* SettingsTableViewCellLabel.swift */; };
		042B78FE229A259C005B7A2A /* SettingsTableViewCellImageView.swift in Sources */ = {isa = PBXBuildFile; fileRef = 042B78FD229A259C005B7A2A /* SettingsTableViewCellImageView.swift */; };
		042B7901229A29C9005B7A2A /* PhotoLibraryViewLayoutTests.swift in Sources */ = {isa = PBXBuildFile; fileRef = 042B7900229A29C9005B7A2A /* PhotoLibraryViewLayoutTests.swift */; };
		042B7903229A38C0005B7A2A /* Defaults.swift in Sources */ = {isa = PBXBuildFile; fileRef = 042B7902229A38C0005B7A2A /* Defaults.swift */; };
		042B7905229A3AC7005B7A2A /* AppRatingsPrompter.swift in Sources */ = {isa = PBXBuildFile; fileRef = 042B7904229A3AC7005B7A2A /* AppRatingsPrompter.swift */; };
		043911C322C461F000D4AE30 /* Media.xcassets in Resources */ = {isa = PBXBuildFile; fileRef = 043911C222C461F000D4AE30 /* Media.xcassets */; };
		043911C522C461F000D4AE30 /* ActionEditingViewController.swift in Sources */ = {isa = PBXBuildFile; fileRef = 043911C422C461F000D4AE30 /* ActionEditingViewController.swift */; };
		043911CC22C461F000D4AE30 /* Action.appex in Embed App Extensions */ = {isa = PBXBuildFile; fileRef = 043911C022C461EE00D4AE30 /* Action.appex */; settings = {ATTRIBUTES = (RemoveHeadersOnCopy, ); }; };
		043911D122C4632000D4AE30 /* BasePhotoEditingViewController.swift in Sources */ = {isa = PBXBuildFile; fileRef = 048909F1226571AB0048E203 /* BasePhotoEditingViewController.swift */; };
		043911D222C4634500D4AE30 /* TextRectangleDetector.swift in Sources */ = {isa = PBXBuildFile; fileRef = 043CD9C8226EB0400012F5AE /* TextRectangleDetector.swift */; };
		043911D322C4635100D4AE30 /* PhotoEditingView.swift in Sources */ = {isa = PBXBuildFile; fileRef = 04E192A6229CD38C006F0E56 /* PhotoEditingView.swift */; };
		043911D422C4635C00D4AE30 /* TextObservation.swift in Sources */ = {isa = PBXBuildFile; fileRef = 043CD9CE226EB0C70012F5AE /* TextObservation.swift */; };
		043911D522C4636800D4AE30 /* TextRectangleDetectionOperation.swift in Sources */ = {isa = PBXBuildFile; fileRef = 043CD9CA226EB0830012F5AE /* TextRectangleDetectionOperation.swift */; };
		043911D622C4636F00D4AE30 /* HighlighterTool.swift in Sources */ = {isa = PBXBuildFile; fileRef = 042A2B84228D01BD00353414 /* HighlighterTool.swift */; };
		043911D722C4637400D4AE30 /* Redaction.swift in Sources */ = {isa = PBXBuildFile; fileRef = 042A39AC22811F87009C1C07 /* Redaction.swift */; };
		043911D822C4637E00D4AE30 /* PhotoEditingWorkspaceView.swift in Sources */ = {isa = PBXBuildFile; fileRef = 047072922268134500FF20B6 /* PhotoEditingWorkspaceView.swift */; };
		043911D922C4638100D4AE30 /* PhotoEditingRedactionView.swift in Sources */ = {isa = PBXBuildFile; fileRef = 042A39AE228125FA009C1C07 /* PhotoEditingRedactionView.swift */; };
		043911DA22C4638400D4AE30 /* PhotoEditingImageView.swift in Sources */ = {isa = PBXBuildFile; fileRef = 047072942268137900FF20B6 /* PhotoEditingImageView.swift */; };
		043911DB22C4638700D4AE30 /* PhotoEditingBrushStrokeView.swift in Sources */ = {isa = PBXBuildFile; fileRef = 043CD9E42277EC910012F5AE /* PhotoEditingBrushStrokeView.swift */; };
		043911DC22C4639200D4AE30 /* Colors.swift in Sources */ = {isa = PBXBuildFile; fileRef = 041EFF542255A0B00058D8EE /* Colors.swift */; };
		043911DD22C463A900D4AE30 /* PhotoExporter.swift in Sources */ = {isa = PBXBuildFile; fileRef = 042A2B77228A5B6F00353414 /* PhotoExporter.swift */; };
		043911DF22C463E200D4AE30 /* PhotoEditingObservationVisualizationView.swift in Sources */ = {isa = PBXBuildFile; fileRef = 043CD9D7227531DF0012F5AE /* PhotoEditingObservationVisualizationView.swift */; };
		043911E022C463EA00D4AE30 /* UIBezierPathExtensions.swift in Sources */ = {isa = PBXBuildFile; fileRef = 04A3AEF5227A8CE700F21229 /* UIBezierPathExtensions.swift */; };
		043911E122C463EF00D4AE30 /* GeometryExtensions.swift in Sources */ = {isa = PBXBuildFile; fileRef = 04D68BC4225EE2C000D09BBD /* GeometryExtensions.swift */; };
		043911E222C463F800D4AE30 /* CharacterObservationRedaction.swift in Sources */ = {isa = PBXBuildFile; fileRef = 042A2B86228D08D800353414 /* CharacterObservationRedaction.swift */; };
		043911E322C463FB00D4AE30 /* PathRedaction.swift in Sources */ = {isa = PBXBuildFile; fileRef = 042A2B88228D091000353414 /* PathRedaction.swift */; };
		043911E422C4640000D4AE30 /* CharacterObservation.swift in Sources */ = {isa = PBXBuildFile; fileRef = 04A3AEF7227A924D00F21229 /* CharacterObservation.swift */; };
		043911E522C4641700D4AE30 /* UIImageExtensions.swift in Sources */ = {isa = PBXBuildFile; fileRef = 043CD9D0226EB0F60012F5AE /* UIImageExtensions.swift */; };
		043911E622C4642900D4AE30 /* PhotoEditingScrollView.swift in Sources */ = {isa = PBXBuildFile; fileRef = 043CD9D52275316E0012F5AE /* PhotoEditingScrollView.swift */; };
		043911E822C4658800D4AE30 /* PhotoEditingViewController.swift in Sources */ = {isa = PBXBuildFile; fileRef = 043911E722C4658800D4AE30 /* PhotoEditingViewController.swift */; };
		043CD9C9226EB0400012F5AE /* TextRectangleDetector.swift in Sources */ = {isa = PBXBuildFile; fileRef = 043CD9C8226EB0400012F5AE /* TextRectangleDetector.swift */; };
		043CD9CB226EB0830012F5AE /* TextRectangleDetectionOperation.swift in Sources */ = {isa = PBXBuildFile; fileRef = 043CD9CA226EB0830012F5AE /* TextRectangleDetectionOperation.swift */; };
		043CD9CF226EB0C70012F5AE /* TextObservation.swift in Sources */ = {isa = PBXBuildFile; fileRef = 043CD9CE226EB0C70012F5AE /* TextObservation.swift */; };
		043CD9D1226EB0F60012F5AE /* UIImageExtensions.swift in Sources */ = {isa = PBXBuildFile; fileRef = 043CD9D0226EB0F60012F5AE /* UIImageExtensions.swift */; };
		043CD9D62275316E0012F5AE /* PhotoEditingScrollView.swift in Sources */ = {isa = PBXBuildFile; fileRef = 043CD9D52275316E0012F5AE /* PhotoEditingScrollView.swift */; };
		043CD9D8227531DF0012F5AE /* PhotoEditingObservationVisualizationView.swift in Sources */ = {isa = PBXBuildFile; fileRef = 043CD9D7227531DF0012F5AE /* PhotoEditingObservationVisualizationView.swift */; };
		043CD9DB22753D510012F5AE /* SettingsViewController.swift in Sources */ = {isa = PBXBuildFile; fileRef = 043CD9DA22753D510012F5AE /* SettingsViewController.swift */; };
		043CD9DD227548C20012F5AE /* SettingsTableView.swift in Sources */ = {isa = PBXBuildFile; fileRef = 043CD9DC227548C20012F5AE /* SettingsTableView.swift */; };
		043CD9DF227548F30012F5AE /* SettingsTableViewCell.swift in Sources */ = {isa = PBXBuildFile; fileRef = 043CD9DE227548F30012F5AE /* SettingsTableViewCell.swift */; };
		043CD9E12275490E0012F5AE /* SettingsContentProvider.swift in Sources */ = {isa = PBXBuildFile; fileRef = 043CD9E02275490E0012F5AE /* SettingsContentProvider.swift */; };
		043CD9E3227549330012F5AE /* SettingsTableViewDataSource.swift in Sources */ = {isa = PBXBuildFile; fileRef = 043CD9E2227549330012F5AE /* SettingsTableViewDataSource.swift */; };
		043CD9E52277EC910012F5AE /* PhotoEditingBrushStrokeView.swift in Sources */ = {isa = PBXBuildFile; fileRef = 043CD9E42277EC910012F5AE /* PhotoEditingBrushStrokeView.swift */; };
		0454C30522963937004FDBFB /* Assets.xcassets in Resources */ = {isa = PBXBuildFile; fileRef = 0454C30322963937004FDBFB /* Assets.xcassets */; };
		0454C30622963937004FDBFB /* Magic.sks in Resources */ = {isa = PBXBuildFile; fileRef = 0454C30422963937004FDBFB /* Magic.sks */; };
		047072932268134500FF20B6 /* PhotoEditingWorkspaceView.swift in Sources */ = {isa = PBXBuildFile; fileRef = 047072922268134500FF20B6 /* PhotoEditingWorkspaceView.swift */; };
		047072952268137900FF20B6 /* PhotoEditingImageView.swift in Sources */ = {isa = PBXBuildFile; fileRef = 047072942268137900FF20B6 /* PhotoEditingImageView.swift */; };
		048909F2226571AB0048E203 /* BasePhotoEditingViewController.swift in Sources */ = {isa = PBXBuildFile; fileRef = 048909F1226571AB0048E203 /* BasePhotoEditingViewController.swift */; };
		048909F4226573750048E203 /* PhotoEditorPresenting.swift in Sources */ = {isa = PBXBuildFile; fileRef = 048909F3226573750048E203 /* PhotoEditorPresenting.swift */; };
		048D134F229F7E5100427FE3 /* CallbackAction.swift in Sources */ = {isa = PBXBuildFile; fileRef = 048D134E229F7E5100427FE3 /* CallbackAction.swift */; };
		048D1352229F7EAB00427FE3 /* CallbackActionTests.swift in Sources */ = {isa = PBXBuildFile; fileRef = 048D1351229F7EAB00427FE3 /* CallbackActionTests.swift */; };
		049F2928228755DB00A335BE /* SettingsNavigationController.swift in Sources */ = {isa = PBXBuildFile; fileRef = 049F2927228755DB00A335BE /* SettingsNavigationController.swift */; };
		049F292B22875ADD00A335BE /* WebViewController.swift in Sources */ = {isa = PBXBuildFile; fileRef = 049F292A22875ADD00A335BE /* WebViewController.swift */; };
		049F292D22875AFA00A335BE /* AboutViewController.swift in Sources */ = {isa = PBXBuildFile; fileRef = 049F292C22875AFA00A335BE /* AboutViewController.swift */; };
		049F292F22875B1300A335BE /* PrivacyViewController.swift in Sources */ = {isa = PBXBuildFile; fileRef = 049F292E22875B1300A335BE /* PrivacyViewController.swift */; };
		049F293122875D5B00A335BE /* AcknowledgementsViewController.swift in Sources */ = {isa = PBXBuildFile; fileRef = 049F293022875D5B00A335BE /* AcknowledgementsViewController.swift */; };
		049F293322875E4D00A335BE /* ContactWebViewController.swift in Sources */ = {isa = PBXBuildFile; fileRef = 049F293222875E4D00A335BE /* ContactWebViewController.swift */; };
		049F293522875F7E00A335BE /* ContactMailViewController.swift in Sources */ = {isa = PBXBuildFile; fileRef = 049F293422875F7E00A335BE /* ContactMailViewController.swift */; };
		049F92BF22CAF2A20090C9BC /* InfoPlist.strings in Resources */ = {isa = PBXBuildFile; fileRef = 049F92C122CAF2A20090C9BC /* InfoPlist.strings */; };
		049F92C222CAF4D00090C9BC /* Assets.xcassets in Resources */ = {isa = PBXBuildFile; fileRef = 041EFEFF2251A9F50058D8EE /* Assets.xcassets */; };
		049F92C422CAFA680090C9BC /* ActionNavigationController.swift in Sources */ = {isa = PBXBuildFile; fileRef = 049F92C322CAFA680090C9BC /* ActionNavigationController.swift */; };
		049F92C522CAFAA40090C9BC /* NavigationController.swift in Sources */ = {isa = PBXBuildFile; fileRef = 041EFF5C2255A85F0058D8EE /* NavigationController.swift */; };
		049F92C622CAFAED0090C9BC /* NavigationBar.swift in Sources */ = {isa = PBXBuildFile; fileRef = 042A2B80228D012F00353414 /* NavigationBar.swift */; };
		049F92C722CAFAEF0090C9BC /* Toolbar.swift in Sources */ = {isa = PBXBuildFile; fileRef = 042A2B82228D014900353414 /* Toolbar.swift */; };
		049F92C922CAFC5D0090C9BC /* ActionViewController.swift in Sources */ = {isa = PBXBuildFile; fileRef = 049F92C822CAFC5D0090C9BC /* ActionViewController.swift */; };
		049F92CA22CAFC860090C9BC /* UIViewControllerExtensions.swift in Sources */ = {isa = PBXBuildFile; fileRef = 041EFF182251AAFE0058D8EE /* UIViewControllerExtensions.swift */; };
		049F92CB22CAFCE60090C9BC /* Fonts.swift in Sources */ = {isa = PBXBuildFile; fileRef = 041EFF5A2255A39D0058D8EE /* Fonts.swift */; };
		049F92CC22CAFD3C0090C9BC /* Aleo-Bold.otf in Resources */ = {isa = PBXBuildFile; fileRef = 041EFF562255A2ED0058D8EE /* Aleo-Bold.otf */; };
		049F92CD22CAFD3C0090C9BC /* Aleo-Regular.otf in Resources */ = {isa = PBXBuildFile; fileRef = 041EFF572255A2EE0058D8EE /* Aleo-Regular.otf */; };
		049F92CF22CD98110090C9BC /* Localizable.strings in Resources */ = {isa = PBXBuildFile; fileRef = 049F92CE22CD98110090C9BC /* Localizable.strings */; };
		049F92D122CD9C350090C9BC /* ActionEditingDismissalAlertController.swift in Sources */ = {isa = PBXBuildFile; fileRef = 049F92D022CD9C350090C9BC /* ActionEditingDismissalAlertController.swift */; };
		04A3AEF6227A8CE700F21229 /* UIBezierPathExtensions.swift in Sources */ = {isa = PBXBuildFile; fileRef = 04A3AEF5227A8CE700F21229 /* UIBezierPathExtensions.swift */; };
		04A3AEF8227A924D00F21229 /* CharacterObservation.swift in Sources */ = {isa = PBXBuildFile; fileRef = 04A3AEF7227A924D00F21229 /* CharacterObservation.swift */; };
		04ADD1562290CCC200E17445 /* AppEntry.swift in Sources */ = {isa = PBXBuildFile; fileRef = 04ADD1552290CCC200E17445 /* AppEntry.swift */; };
		04ADD1582290CFF100E17445 /* AppListFetcher.swift in Sources */ = {isa = PBXBuildFile; fileRef = 04ADD1572290CFF100E17445 /* AppListFetcher.swift */; };
		04ADD15A2290D1C500E17445 /* AppLookupResponse.swift in Sources */ = {isa = PBXBuildFile; fileRef = 04ADD1592290D1C500E17445 /* AppLookupResponse.swift */; };
		04ADD15C2290D29400E17445 /* AppLookupResponseResult.swift in Sources */ = {isa = PBXBuildFile; fileRef = 04ADD15B2290D29400E17445 /* AppLookupResponseResult.swift */; };
		04ADD15E2290D2D200E17445 /* AppDeveloperInfo.swift in Sources */ = {isa = PBXBuildFile; fileRef = 04ADD15D2290D2D200E17445 /* AppDeveloperInfo.swift */; };
		04ADD1602290DA8E00E17445 /* AppEntryOpening.swift in Sources */ = {isa = PBXBuildFile; fileRef = 04ADD15F2290DA8E00E17445 /* AppEntryOpening.swift */; };
		04ADD1642290DE6800E17445 /* Kingfisher.framework in Frameworks */ = {isa = PBXBuildFile; fileRef = 04ADD1632290DE6700E17445 /* Kingfisher.framework */; };
		04D68BC5225EE2C000D09BBD /* GeometryExtensions.swift in Sources */ = {isa = PBXBuildFile; fileRef = 04D68BC4225EE2C000D09BBD /* GeometryExtensions.swift */; };
		04D68BC7225EE2FD00D09BBD /* PhotoLibraryViewCellImageView.swift in Sources */ = {isa = PBXBuildFile; fileRef = 04D68BC6225EE2FD00D09BBD /* PhotoLibraryViewCellImageView.swift */; };
		04D68BC92262B0C400D09BBD /* PhotoPermissionsRequester.swift in Sources */ = {isa = PBXBuildFile; fileRef = 04D68BC82262B0C400D09BBD /* PhotoPermissionsRequester.swift */; };
		04D68BCC2262B35700D09BBD /* PhotoPermissionsDeniedAlertController.swift in Sources */ = {isa = PBXBuildFile; fileRef = 04D68BCB2262B35700D09BBD /* PhotoPermissionsDeniedAlertController.swift */; };
		04D68BD22262C45700D09BBD /* PhotoSelectionViewControllerTests.swift in Sources */ = {isa = PBXBuildFile; fileRef = 04D68BD12262C45700D09BBD /* PhotoSelectionViewControllerTests.swift */; };
		04D68BD52262C54600D09BBD /* MockPhotoPermissionsRequester.swift in Sources */ = {isa = PBXBuildFile; fileRef = 04D68BD42262C54600D09BBD /* MockPhotoPermissionsRequester.swift */; };
		04E192A7229CD38C006F0E56 /* PhotoEditingView.swift in Sources */ = {isa = PBXBuildFile; fileRef = 04E192A6229CD38C006F0E56 /* PhotoEditingView.swift */; };
/* End PBXBuildFile section */

/* Begin PBXContainerItemProxy section */
		041EFF0A2251A9F50058D8EE /* PBXContainerItemProxy */ = {
			isa = PBXContainerItemProxy;
			containerPortal = 041EFEED2251A9F30058D8EE /* Project object */;
			proxyType = 1;
			remoteGlobalIDString = 041EFEF42251A9F30058D8EE;
			remoteInfo = Highlighter;
		};
		043911CA22C461F000D4AE30 /* PBXContainerItemProxy */ = {
			isa = PBXContainerItemProxy;
			containerPortal = 041EFEED2251A9F30058D8EE /* Project object */;
			proxyType = 1;
			remoteGlobalIDString = 043911BF22C461EE00D4AE30;
			remoteInfo = Action;
		};
/* End PBXContainerItemProxy section */

/* Begin PBXCopyFilesBuildPhase section */
		043911D022C461F000D4AE30 /* Embed App Extensions */ = {
			isa = PBXCopyFilesBuildPhase;
			buildActionMask = 2147483647;
			dstPath = "";
			dstSubfolderSpec = 13;
			files = (
				043911CC22C461F000D4AE30 /* Action.appex in Embed App Extensions */,
			);
			name = "Embed App Extensions";
			runOnlyForDeploymentPostprocessing = 0;
		};
/* End PBXCopyFilesBuildPhase section */

/* Begin PBXFileReference section */
		041EFEF52251A9F30058D8EE /* Highlighter.app */ = {isa = PBXFileReference; explicitFileType = wrapper.application; includeInIndex = 0; path = Highlighter.app; sourceTree = BUILT_PRODUCTS_DIR; };
		041EFEF82251A9F30058D8EE /* AppDelegate.swift */ = {isa = PBXFileReference; lastKnownFileType = sourcecode.swift; path = AppDelegate.swift; sourceTree = "<group>"; };
		041EFEFA2251A9F30058D8EE /* AppViewController.swift */ = {isa = PBXFileReference; lastKnownFileType = sourcecode.swift; path = AppViewController.swift; sourceTree = "<group>"; };
		041EFEFF2251A9F50058D8EE /* Assets.xcassets */ = {isa = PBXFileReference; lastKnownFileType = folder.assetcatalog; path = Assets.xcassets; sourceTree = "<group>"; };
		041EFF022251A9F50058D8EE /* Base */ = {isa = PBXFileReference; lastKnownFileType = file.storyboard; name = Base; path = Base.lproj/LaunchScreen.storyboard; sourceTree = "<group>"; };
		041EFF042251A9F50058D8EE /* Info.plist */ = {isa = PBXFileReference; lastKnownFileType = text.plist.xml; path = Info.plist; sourceTree = "<group>"; };
		041EFF092251A9F50058D8EE /* HighlighterTests.xctest */ = {isa = PBXFileReference; explicitFileType = wrapper.cfbundle; includeInIndex = 0; path = HighlighterTests.xctest; sourceTree = BUILT_PRODUCTS_DIR; };
		041EFF0D2251A9F50058D8EE /* IntroViewControllerTests.swift */ = {isa = PBXFileReference; lastKnownFileType = sourcecode.swift; path = IntroViewControllerTests.swift; sourceTree = "<group>"; };
		041EFF0F2251A9F50058D8EE /* Info.plist */ = {isa = PBXFileReference; lastKnownFileType = text.plist.xml; path = Info.plist; sourceTree = "<group>"; };
		041EFF182251AAFE0058D8EE /* UIViewControllerExtensions.swift */ = {isa = PBXFileReference; lastKnownFileType = sourcecode.swift; path = UIViewControllerExtensions.swift; sourceTree = "<group>"; };
		041EFF1A2251AB8D0058D8EE /* AppWindow.swift */ = {isa = PBXFileReference; lastKnownFileType = sourcecode.swift; path = AppWindow.swift; sourceTree = "<group>"; };
		041EFF482252FAF50058D8EE /* IntroViewController.swift */ = {isa = PBXFileReference; lastKnownFileType = sourcecode.swift; path = IntroViewController.swift; sourceTree = "<group>"; };
		041EFF4A225300030058D8EE /* Localizable.strings */ = {isa = PBXFileReference; lastKnownFileType = text.plist.strings; path = Localizable.strings; sourceTree = "<group>"; };
		041EFF4D225302CC0058D8EE /* IntroView.swift */ = {isa = PBXFileReference; lastKnownFileType = sourcecode.swift; path = IntroView.swift; sourceTree = "<group>"; };
		041EFF4F225303120058D8EE /* PromptLabel.swift */ = {isa = PBXFileReference; lastKnownFileType = sourcecode.swift; path = PromptLabel.swift; sourceTree = "<group>"; };
		041EFF51225303430058D8EE /* PromptButton.swift */ = {isa = PBXFileReference; lastKnownFileType = sourcecode.swift; path = PromptButton.swift; sourceTree = "<group>"; };
		041EFF542255A0B00058D8EE /* Colors.swift */ = {isa = PBXFileReference; lastKnownFileType = sourcecode.swift; path = Colors.swift; sourceTree = "<group>"; };
		041EFF562255A2ED0058D8EE /* Aleo-Bold.otf */ = {isa = PBXFileReference; lastKnownFileType = file; path = "Aleo-Bold.otf"; sourceTree = "<group>"; };
		041EFF572255A2EE0058D8EE /* Aleo-Regular.otf */ = {isa = PBXFileReference; lastKnownFileType = file; path = "Aleo-Regular.otf"; sourceTree = "<group>"; };
		041EFF5A2255A39D0058D8EE /* Fonts.swift */ = {isa = PBXFileReference; lastKnownFileType = sourcecode.swift; path = Fonts.swift; sourceTree = "<group>"; };
		041EFF5C2255A85F0058D8EE /* NavigationController.swift */ = {isa = PBXFileReference; lastKnownFileType = sourcecode.swift; path = NavigationController.swift; sourceTree = "<group>"; };
		041EFF6A225C36350058D8EE /* PhotoLibraryViewController.swift */ = {isa = PBXFileReference; lastKnownFileType = sourcecode.swift; path = PhotoLibraryViewController.swift; sourceTree = "<group>"; };
		041EFF6D225C38800058D8EE /* PhotoSelectionViewController.swift */ = {isa = PBXFileReference; lastKnownFileType = sourcecode.swift; path = PhotoSelectionViewController.swift; sourceTree = "<group>"; };
		041EFF6F225C3D830058D8EE /* PhotoLibraryView.swift */ = {isa = PBXFileReference; lastKnownFileType = sourcecode.swift; path = PhotoLibraryView.swift; sourceTree = "<group>"; };
		041EFF71225C3DC00058D8EE /* PhotoLibraryDataSource.swift */ = {isa = PBXFileReference; lastKnownFileType = sourcecode.swift; path = PhotoLibraryDataSource.swift; sourceTree = "<group>"; };
		041EFF73225C3DD20058D8EE /* PhotoLibraryViewCell.swift */ = {isa = PBXFileReference; lastKnownFileType = sourcecode.swift; path = PhotoLibraryViewCell.swift; sourceTree = "<group>"; };
		041EFF75225C3DF10058D8EE /* PhotoLibraryViewLayout.swift */ = {isa = PBXFileReference; lastKnownFileType = sourcecode.swift; path = PhotoLibraryViewLayout.swift; sourceTree = "<group>"; };
		042A2B77228A5B6F00353414 /* PhotoExporter.swift */ = {isa = PBXFileReference; lastKnownFileType = sourcecode.swift; path = PhotoExporter.swift; sourceTree = "<group>"; };
		042A2B79228A642100353414 /* PhotoEditingProtectionAlertController.swift */ = {isa = PBXFileReference; lastKnownFileType = sourcecode.swift; path = PhotoEditingProtectionAlertController.swift; sourceTree = "<group>"; };
		042A2B7B228A68C900353414 /* PhotoPermissionsRestrictedAlertController.swift */ = {isa = PBXFileReference; lastKnownFileType = sourcecode.swift; path = PhotoPermissionsRestrictedAlertController.swift; sourceTree = "<group>"; };
		042A2B7D228CFEDB00353414 /* PhotoEditingNavigationController.swift */ = {isa = PBXFileReference; lastKnownFileType = sourcecode.swift; path = PhotoEditingNavigationController.swift; sourceTree = "<group>"; };
		042A2B80228D012F00353414 /* NavigationBar.swift */ = {isa = PBXFileReference; lastKnownFileType = sourcecode.swift; path = NavigationBar.swift; sourceTree = "<group>"; };
		042A2B82228D014900353414 /* Toolbar.swift */ = {isa = PBXFileReference; lastKnownFileType = sourcecode.swift; path = Toolbar.swift; sourceTree = "<group>"; };
		042A2B84228D01BD00353414 /* HighlighterTool.swift */ = {isa = PBXFileReference; lastKnownFileType = sourcecode.swift; path = HighlighterTool.swift; sourceTree = "<group>"; };
		042A2B86228D08D800353414 /* CharacterObservationRedaction.swift */ = {isa = PBXFileReference; lastKnownFileType = sourcecode.swift; path = CharacterObservationRedaction.swift; sourceTree = "<group>"; };
		042A2B88228D091000353414 /* PathRedaction.swift */ = {isa = PBXFileReference; lastKnownFileType = sourcecode.swift; path = PathRedaction.swift; sourceTree = "<group>"; };
		042A39AC22811F87009C1C07 /* Redaction.swift */ = {isa = PBXFileReference; lastKnownFileType = sourcecode.swift; path = Redaction.swift; sourceTree = "<group>"; };
		042A39AE228125FA009C1C07 /* PhotoEditingRedactionView.swift */ = {isa = PBXFileReference; lastKnownFileType = sourcecode.swift; path = PhotoEditingRedactionView.swift; sourceTree = "<group>"; };
		042B78F9229A2560005B7A2A /* SettingsAppEntryTableViewCell.swift */ = {isa = PBXFileReference; lastKnownFileType = sourcecode.swift; path = SettingsAppEntryTableViewCell.swift; sourceTree = "<group>"; };
		042B78FB229A257E005B7A2A /* SettingsTableViewCellLabel.swift */ = {isa = PBXFileReference; lastKnownFileType = sourcecode.swift; path = SettingsTableViewCellLabel.swift; sourceTree = "<group>"; };
		042B78FD229A259C005B7A2A /* SettingsTableViewCellImageView.swift */ = {isa = PBXFileReference; lastKnownFileType = sourcecode.swift; path = SettingsTableViewCellImageView.swift; sourceTree = "<group>"; };
		042B7900229A29C9005B7A2A /* PhotoLibraryViewLayoutTests.swift */ = {isa = PBXFileReference; lastKnownFileType = sourcecode.swift; path = PhotoLibraryViewLayoutTests.swift; sourceTree = "<group>"; };
		042B7902229A38C0005B7A2A /* Defaults.swift */ = {isa = PBXFileReference; lastKnownFileType = sourcecode.swift; path = Defaults.swift; sourceTree = "<group>"; };
		042B7904229A3AC7005B7A2A /* AppRatingsPrompter.swift */ = {isa = PBXFileReference; lastKnownFileType = sourcecode.swift; path = AppRatingsPrompter.swift; sourceTree = "<group>"; };
		043911C022C461EE00D4AE30 /* Action.appex */ = {isa = PBXFileReference; explicitFileType = "wrapper.app-extension"; includeInIndex = 0; path = Action.appex; sourceTree = BUILT_PRODUCTS_DIR; };
		043911C222C461F000D4AE30 /* Media.xcassets */ = {isa = PBXFileReference; lastKnownFileType = folder.assetcatalog; path = Media.xcassets; sourceTree = "<group>"; };
		043911C422C461F000D4AE30 /* ActionEditingViewController.swift */ = {isa = PBXFileReference; lastKnownFileType = sourcecode.swift; path = ActionEditingViewController.swift; sourceTree = "<group>"; };
		043911C922C461F000D4AE30 /* Info.plist */ = {isa = PBXFileReference; lastKnownFileType = text.plist.xml; path = Info.plist; sourceTree = "<group>"; };
		043911E722C4658800D4AE30 /* PhotoEditingViewController.swift */ = {isa = PBXFileReference; lastKnownFileType = sourcecode.swift; path = PhotoEditingViewController.swift; sourceTree = "<group>"; };
		043CD9C8226EB0400012F5AE /* TextRectangleDetector.swift */ = {isa = PBXFileReference; lastKnownFileType = sourcecode.swift; path = TextRectangleDetector.swift; sourceTree = "<group>"; };
		043CD9CA226EB0830012F5AE /* TextRectangleDetectionOperation.swift */ = {isa = PBXFileReference; lastKnownFileType = sourcecode.swift; path = TextRectangleDetectionOperation.swift; sourceTree = "<group>"; };
		043CD9CE226EB0C70012F5AE /* TextObservation.swift */ = {isa = PBXFileReference; lastKnownFileType = sourcecode.swift; path = TextObservation.swift; sourceTree = "<group>"; };
		043CD9D0226EB0F60012F5AE /* UIImageExtensions.swift */ = {isa = PBXFileReference; lastKnownFileType = sourcecode.swift; path = UIImageExtensions.swift; sourceTree = "<group>"; };
		043CD9D52275316E0012F5AE /* PhotoEditingScrollView.swift */ = {isa = PBXFileReference; lastKnownFileType = sourcecode.swift; path = PhotoEditingScrollView.swift; sourceTree = "<group>"; };
		043CD9D7227531DF0012F5AE /* PhotoEditingObservationVisualizationView.swift */ = {isa = PBXFileReference; lastKnownFileType = sourcecode.swift; path = PhotoEditingObservationVisualizationView.swift; sourceTree = "<group>"; };
		043CD9DA22753D510012F5AE /* SettingsViewController.swift */ = {isa = PBXFileReference; lastKnownFileType = sourcecode.swift; path = SettingsViewController.swift; sourceTree = "<group>"; };
		043CD9DC227548C20012F5AE /* SettingsTableView.swift */ = {isa = PBXFileReference; lastKnownFileType = sourcecode.swift; path = SettingsTableView.swift; sourceTree = "<group>"; };
		043CD9DE227548F30012F5AE /* SettingsTableViewCell.swift */ = {isa = PBXFileReference; lastKnownFileType = sourcecode.swift; path = SettingsTableViewCell.swift; sourceTree = "<group>"; };
		043CD9E02275490E0012F5AE /* SettingsContentProvider.swift */ = {isa = PBXFileReference; lastKnownFileType = sourcecode.swift; path = SettingsContentProvider.swift; sourceTree = "<group>"; };
		043CD9E2227549330012F5AE /* SettingsTableViewDataSource.swift */ = {isa = PBXFileReference; lastKnownFileType = sourcecode.swift; path = SettingsTableViewDataSource.swift; sourceTree = "<group>"; };
		043CD9E42277EC910012F5AE /* PhotoEditingBrushStrokeView.swift */ = {isa = PBXFileReference; lastKnownFileType = sourcecode.swift; path = PhotoEditingBrushStrokeView.swift; sourceTree = "<group>"; };
		0454C30322963937004FDBFB /* Assets.xcassets */ = {isa = PBXFileReference; lastKnownFileType = folder.assetcatalog; path = Assets.xcassets; sourceTree = "<group>"; };
		0454C30422963937004FDBFB /* Magic.sks */ = {isa = PBXFileReference; lastKnownFileType = file.sks; path = Magic.sks; sourceTree = "<group>"; };
		047072922268134500FF20B6 /* PhotoEditingWorkspaceView.swift */ = {isa = PBXFileReference; lastKnownFileType = sourcecode.swift; path = PhotoEditingWorkspaceView.swift; sourceTree = "<group>"; };
		047072942268137900FF20B6 /* PhotoEditingImageView.swift */ = {isa = PBXFileReference; lastKnownFileType = sourcecode.swift; path = PhotoEditingImageView.swift; sourceTree = "<group>"; };
		048909F1226571AB0048E203 /* BasePhotoEditingViewController.swift */ = {isa = PBXFileReference; lastKnownFileType = sourcecode.swift; path = BasePhotoEditingViewController.swift; sourceTree = "<group>"; };
		048909F3226573750048E203 /* PhotoEditorPresenting.swift */ = {isa = PBXFileReference; lastKnownFileType = sourcecode.swift; path = PhotoEditorPresenting.swift; sourceTree = "<group>"; };
		048D134E229F7E5100427FE3 /* CallbackAction.swift */ = {isa = PBXFileReference; lastKnownFileType = sourcecode.swift; path = CallbackAction.swift; sourceTree = "<group>"; };
		048D1351229F7EAB00427FE3 /* CallbackActionTests.swift */ = {isa = PBXFileReference; lastKnownFileType = sourcecode.swift; path = CallbackActionTests.swift; sourceTree = "<group>"; };
		049F2927228755DB00A335BE /* SettingsNavigationController.swift */ = {isa = PBXFileReference; lastKnownFileType = sourcecode.swift; path = SettingsNavigationController.swift; sourceTree = "<group>"; };
		049F292A22875ADD00A335BE /* WebViewController.swift */ = {isa = PBXFileReference; lastKnownFileType = sourcecode.swift; path = WebViewController.swift; sourceTree = "<group>"; };
		049F292C22875AFA00A335BE /* AboutViewController.swift */ = {isa = PBXFileReference; lastKnownFileType = sourcecode.swift; path = AboutViewController.swift; sourceTree = "<group>"; };
		049F292E22875B1300A335BE /* PrivacyViewController.swift */ = {isa = PBXFileReference; lastKnownFileType = sourcecode.swift; path = PrivacyViewController.swift; sourceTree = "<group>"; };
		049F293022875D5B00A335BE /* AcknowledgementsViewController.swift */ = {isa = PBXFileReference; lastKnownFileType = sourcecode.swift; path = AcknowledgementsViewController.swift; sourceTree = "<group>"; };
		049F293222875E4D00A335BE /* ContactWebViewController.swift */ = {isa = PBXFileReference; lastKnownFileType = sourcecode.swift; path = ContactWebViewController.swift; sourceTree = "<group>"; };
		049F293422875F7E00A335BE /* ContactMailViewController.swift */ = {isa = PBXFileReference; lastKnownFileType = sourcecode.swift; path = ContactMailViewController.swift; sourceTree = "<group>"; };
		049F92C022CAF2A20090C9BC /* en */ = {isa = PBXFileReference; lastKnownFileType = text.plist.strings; name = en; path = en.lproj/InfoPlist.strings; sourceTree = "<group>"; };
		049F92C322CAFA680090C9BC /* ActionNavigationController.swift */ = {isa = PBXFileReference; lastKnownFileType = sourcecode.swift; path = ActionNavigationController.swift; sourceTree = "<group>"; };
		049F92C822CAFC5D0090C9BC /* ActionViewController.swift */ = {isa = PBXFileReference; lastKnownFileType = sourcecode.swift; path = ActionViewController.swift; sourceTree = "<group>"; };
		049F92CE22CD98110090C9BC /* Localizable.strings */ = {isa = PBXFileReference; lastKnownFileType = text.plist.strings; path = Localizable.strings; sourceTree = "<group>"; };
		049F92D022CD9C350090C9BC /* ActionEditingDismissalAlertController.swift */ = {isa = PBXFileReference; lastKnownFileType = sourcecode.swift; path = ActionEditingDismissalAlertController.swift; sourceTree = "<group>"; };
		04A3AEF5227A8CE700F21229 /* UIBezierPathExtensions.swift */ = {isa = PBXFileReference; lastKnownFileType = sourcecode.swift; path = UIBezierPathExtensions.swift; sourceTree = "<group>"; };
		04A3AEF7227A924D00F21229 /* CharacterObservation.swift */ = {isa = PBXFileReference; lastKnownFileType = sourcecode.swift; path = CharacterObservation.swift; sourceTree = "<group>"; };
		04ADD1552290CCC200E17445 /* AppEntry.swift */ = {isa = PBXFileReference; lastKnownFileType = sourcecode.swift; path = AppEntry.swift; sourceTree = "<group>"; };
		04ADD1572290CFF100E17445 /* AppListFetcher.swift */ = {isa = PBXFileReference; lastKnownFileType = sourcecode.swift; path = AppListFetcher.swift; sourceTree = "<group>"; };
		04ADD1592290D1C500E17445 /* AppLookupResponse.swift */ = {isa = PBXFileReference; lastKnownFileType = sourcecode.swift; path = AppLookupResponse.swift; sourceTree = "<group>"; };
		04ADD15B2290D29400E17445 /* AppLookupResponseResult.swift */ = {isa = PBXFileReference; lastKnownFileType = sourcecode.swift; path = AppLookupResponseResult.swift; sourceTree = "<group>"; };
		04ADD15D2290D2D200E17445 /* AppDeveloperInfo.swift */ = {isa = PBXFileReference; lastKnownFileType = sourcecode.swift; path = AppDeveloperInfo.swift; sourceTree = "<group>"; };
		04ADD15F2290DA8E00E17445 /* AppEntryOpening.swift */ = {isa = PBXFileReference; lastKnownFileType = sourcecode.swift; path = AppEntryOpening.swift; sourceTree = "<group>"; };
		04ADD1632290DE6700E17445 /* Kingfisher.framework */ = {isa = PBXFileReference; lastKnownFileType = wrapper.framework; name = Kingfisher.framework; path = Carthage/Build/iOS/Kingfisher.framework; sourceTree = "<group>"; };
		04D68BC4225EE2C000D09BBD /* GeometryExtensions.swift */ = {isa = PBXFileReference; lastKnownFileType = sourcecode.swift; path = GeometryExtensions.swift; sourceTree = "<group>"; };
		04D68BC6225EE2FD00D09BBD /* PhotoLibraryViewCellImageView.swift */ = {isa = PBXFileReference; lastKnownFileType = sourcecode.swift; path = PhotoLibraryViewCellImageView.swift; sourceTree = "<group>"; };
		04D68BC82262B0C400D09BBD /* PhotoPermissionsRequester.swift */ = {isa = PBXFileReference; lastKnownFileType = sourcecode.swift; path = PhotoPermissionsRequester.swift; sourceTree = "<group>"; };
		04D68BCB2262B35700D09BBD /* PhotoPermissionsDeniedAlertController.swift */ = {isa = PBXFileReference; lastKnownFileType = sourcecode.swift; path = PhotoPermissionsDeniedAlertController.swift; sourceTree = "<group>"; };
		04D68BD12262C45700D09BBD /* PhotoSelectionViewControllerTests.swift */ = {isa = PBXFileReference; lastKnownFileType = sourcecode.swift; path = PhotoSelectionViewControllerTests.swift; sourceTree = "<group>"; };
		04D68BD42262C54600D09BBD /* MockPhotoPermissionsRequester.swift */ = {isa = PBXFileReference; lastKnownFileType = sourcecode.swift; path = MockPhotoPermissionsRequester.swift; sourceTree = "<group>"; };
		04E192A6229CD38C006F0E56 /* PhotoEditingView.swift */ = {isa = PBXFileReference; lastKnownFileType = sourcecode.swift; path = PhotoEditingView.swift; sourceTree = "<group>"; };
/* End PBXFileReference section */

/* Begin PBXFrameworksBuildPhase section */
		041EFEF22251A9F30058D8EE /* Frameworks */ = {
			isa = PBXFrameworksBuildPhase;
			buildActionMask = 2147483647;
			files = (
				04ADD1642290DE6800E17445 /* Kingfisher.framework in Frameworks */,
			);
			runOnlyForDeploymentPostprocessing = 0;
		};
		041EFF062251A9F50058D8EE /* Frameworks */ = {
			isa = PBXFrameworksBuildPhase;
			buildActionMask = 2147483647;
			files = (
			);
			runOnlyForDeploymentPostprocessing = 0;
		};
		043911BD22C461EE00D4AE30 /* Frameworks */ = {
			isa = PBXFrameworksBuildPhase;
			buildActionMask = 2147483647;
			files = (
			);
			runOnlyForDeploymentPostprocessing = 0;
		};
/* End PBXFrameworksBuildPhase section */

/* Begin PBXGroup section */
		041EFEEC2251A9F30058D8EE = {
			isa = PBXGroup;
			children = (
				041EFEF72251A9F30058D8EE /* Highlighter */,
				041EFF0C2251A9F50058D8EE /* HighlighterTests */,
				043911C122C461F000D4AE30 /* Action */,
				041EFEF62251A9F30058D8EE /* Products */,
				04ADD1622290DE6700E17445 /* Frameworks */,
			);
			sourceTree = "<group>";
		};
		041EFEF62251A9F30058D8EE /* Products */ = {
			isa = PBXGroup;
			children = (
				041EFEF52251A9F30058D8EE /* Highlighter.app */,
				041EFF092251A9F50058D8EE /* HighlighterTests.xctest */,
				043911C022C461EE00D4AE30 /* Action.appex */,
			);
			name = Products;
			sourceTree = "<group>";
		};
		041EFEF72251A9F30058D8EE /* Highlighter */ = {
			isa = PBXGroup;
			children = (
				048D134D229F7E4400427FE3 /* Callback Actions */,
				04D68BCF2262C41300D09BBD /* Application */,
				04D68BC3225EE2A500D09BBD /* Extensions */,
				048909EF2265716B0048E203 /* Photo Editing */,
				041EFF6C225C38600058D8EE /* Photo Selection */,
				043CD9D922753D450012F5AE /* Settings */,
				041EFF532255A0930058D8EE /* Style */,
				048909F0226571830048E203 /* Supporting Files */,
			);
			path = Highlighter;
			sourceTree = "<group>";
		};
		041EFF0C2251A9F50058D8EE /* HighlighterTests */ = {
			isa = PBXGroup;
			children = (
				048D1350229F7EA300427FE3 /* Callback Actions */,
				04D68BD32262C52F00D09BBD /* Test Helpers */,
				04D68BCD2262B9BF00D09BBD /* Photo Selection */,
				041EFF0F2251A9F50058D8EE /* Info.plist */,
			);
			path = HighlighterTests;
			sourceTree = "<group>";
		};
		041EFF4C225302B90058D8EE /* Intro View */ = {
			isa = PBXGroup;
			children = (
				041EFF482252FAF50058D8EE /* IntroViewController.swift */,
				041EFF4D225302CC0058D8EE /* IntroView.swift */,
				041EFF4F225303120058D8EE /* PromptLabel.swift */,
				041EFF51225303430058D8EE /* PromptButton.swift */,
			);
			path = "Intro View";
			sourceTree = "<group>";
		};
		041EFF532255A0930058D8EE /* Style */ = {
			isa = PBXGroup;
			children = (
				041EFF562255A2ED0058D8EE /* Aleo-Bold.otf */,
				041EFF572255A2EE0058D8EE /* Aleo-Regular.otf */,
				041EFF542255A0B00058D8EE /* Colors.swift */,
				041EFF5A2255A39D0058D8EE /* Fonts.swift */,
			);
			path = Style;
			sourceTree = "<group>";
		};
		041EFF69225C36130058D8EE /* Photo Library */ = {
			isa = PBXGroup;
			children = (
				041EFF6A225C36350058D8EE /* PhotoLibraryViewController.swift */,
				041EFF6F225C3D830058D8EE /* PhotoLibraryView.swift */,
				041EFF71225C3DC00058D8EE /* PhotoLibraryDataSource.swift */,
				041EFF73225C3DD20058D8EE /* PhotoLibraryViewCell.swift */,
				04D68BC6225EE2FD00D09BBD /* PhotoLibraryViewCellImageView.swift */,
				041EFF75225C3DF10058D8EE /* PhotoLibraryViewLayout.swift */,
			);
			path = "Photo Library";
			sourceTree = "<group>";
		};
		041EFF6C225C38600058D8EE /* Photo Selection */ = {
			isa = PBXGroup;
			children = (
				041EFF4C225302B90058D8EE /* Intro View */,
				041EFF69225C36130058D8EE /* Photo Library */,
				041EFF6D225C38800058D8EE /* PhotoSelectionViewController.swift */,
				04D68BCA2262B34600D09BBD /* Photo Permissions */,
			);
			path = "Photo Selection";
			sourceTree = "<group>";
		};
		042A2B7F228D012300353414 /* Navigation */ = {
			isa = PBXGroup;
			children = (
				041EFF5C2255A85F0058D8EE /* NavigationController.swift */,
				042A2B80228D012F00353414 /* NavigationBar.swift */,
				042A2B82228D014900353414 /* Toolbar.swift */,
			);
			path = Navigation;
			sourceTree = "<group>";
		};
		042A39AB22811F7A009C1C07 /* Redactions */ = {
			isa = PBXGroup;
			children = (
				042A39AC22811F87009C1C07 /* Redaction.swift */,
				042A2B86228D08D800353414 /* CharacterObservationRedaction.swift */,
				042A2B88228D091000353414 /* PathRedaction.swift */,
			);
			path = Redactions;
			sourceTree = "<group>";
		};
		042B78FF229A29B8005B7A2A /* Photo Library */ = {
			isa = PBXGroup;
			children = (
				042B7900229A29C9005B7A2A /* PhotoLibraryViewLayoutTests.swift */,
			);
			path = "Photo Library";
			sourceTree = "<group>";
		};
		043911C122C461F000D4AE30 /* Action */ = {
			isa = PBXGroup;
			children = (
				043911C222C461F000D4AE30 /* Media.xcassets */,
				043911C422C461F000D4AE30 /* ActionEditingViewController.swift */,
				043911C922C461F000D4AE30 /* Info.plist */,
				049F92C122CAF2A20090C9BC /* InfoPlist.strings */,
				049F92C322CAFA680090C9BC /* ActionNavigationController.swift */,
				049F92C822CAFC5D0090C9BC /* ActionViewController.swift */,
				049F92CE22CD98110090C9BC /* Localizable.strings */,
				049F92D022CD9C350090C9BC /* ActionEditingDismissalAlertController.swift */,
			);
			path = Action;
			sourceTree = "<group>";
		};
		043CD9CD226EB0B20012F5AE /* Text Detection */ = {
			isa = PBXGroup;
			children = (
				043CD9C8226EB0400012F5AE /* TextRectangleDetector.swift */,
				043CD9CA226EB0830012F5AE /* TextRectangleDetectionOperation.swift */,
				043CD9CE226EB0C70012F5AE /* TextObservation.swift */,
				04A3AEF7227A924D00F21229 /* CharacterObservation.swift */,
			);
			path = "Text Detection";
			sourceTree = "<group>";
		};
		043CD9D922753D450012F5AE /* Settings */ = {
			isa = PBXGroup;
			children = (
				04ADD1542290CBF300E17445 /* Other Apps */,
				049F292922875AC200A335BE /* Presented View Controllers */,
				043CD9DA22753D510012F5AE /* SettingsViewController.swift */,
				043CD9DC227548C20012F5AE /* SettingsTableView.swift */,
				043CD9DE227548F30012F5AE /* SettingsTableViewCell.swift */,
				042B78F9229A2560005B7A2A /* SettingsAppEntryTableViewCell.swift */,
				042B78FB229A257E005B7A2A /* SettingsTableViewCellLabel.swift */,
				042B78FD229A259C005B7A2A /* SettingsTableViewCellImageView.swift */,
				043CD9E02275490E0012F5AE /* SettingsContentProvider.swift */,
				043CD9E2227549330012F5AE /* SettingsTableViewDataSource.swift */,
				049F2927228755DB00A335BE /* SettingsNavigationController.swift */,
			);
			path = Settings;
			sourceTree = "<group>";
		};
		048909EF2265716B0048E203 /* Photo Editing */ = {
			isa = PBXGroup;
			children = (
				04E192A5229CD367006F0E56 /* Editing View */,
				042A2B84228D01BD00353414 /* HighlighterTool.swift */,
				042A2B7D228CFEDB00353414 /* PhotoEditingNavigationController.swift */,
				042A2B79228A642100353414 /* PhotoEditingProtectionAlertController.swift */,
				048909F1226571AB0048E203 /* BasePhotoEditingViewController.swift */,
				048909F3226573750048E203 /* PhotoEditorPresenting.swift */,
				042A2B77228A5B6F00353414 /* PhotoExporter.swift */,
				042A39AB22811F7A009C1C07 /* Redactions */,
				043CD9CD226EB0B20012F5AE /* Text Detection */,
				043911E722C4658800D4AE30 /* PhotoEditingViewController.swift */,
			);
			path = "Photo Editing";
			sourceTree = "<group>";
		};
		048909F0226571830048E203 /* Supporting Files */ = {
			isa = PBXGroup;
			children = (
				041EFF042251A9F50058D8EE /* Info.plist */,
				041EFF4A225300030058D8EE /* Localizable.strings */,
				041EFEFF2251A9F50058D8EE /* Assets.xcassets */,
				041EFF012251A9F50058D8EE /* LaunchScreen.storyboard */,
			);
			name = "Supporting Files";
			sourceTree = "<group>";
		};
		048D134D229F7E4400427FE3 /* Callback Actions */ = {
			isa = PBXGroup;
			children = (
				048D134E229F7E5100427FE3 /* CallbackAction.swift */,
			);
			path = "Callback Actions";
			sourceTree = "<group>";
		};
		048D1350229F7EA300427FE3 /* Callback Actions */ = {
			isa = PBXGroup;
			children = (
				048D1351229F7EAB00427FE3 /* CallbackActionTests.swift */,
			);
			path = "Callback Actions";
			sourceTree = "<group>";
		};
		049F292922875AC200A335BE /* Presented View Controllers */ = {
			isa = PBXGroup;
			children = (
				049F292A22875ADD00A335BE /* WebViewController.swift */,
				049F292C22875AFA00A335BE /* AboutViewController.swift */,
				049F292E22875B1300A335BE /* PrivacyViewController.swift */,
				049F293022875D5B00A335BE /* AcknowledgementsViewController.swift */,
				049F293222875E4D00A335BE /* ContactWebViewController.swift */,
				049F293422875F7E00A335BE /* ContactMailViewController.swift */,
			);
			path = "Presented View Controllers";
			sourceTree = "<group>";
		};
		04ADD1542290CBF300E17445 /* Other Apps */ = {
			isa = PBXGroup;
			children = (
				04ADD1552290CCC200E17445 /* AppEntry.swift */,
				04ADD1572290CFF100E17445 /* AppListFetcher.swift */,
				04ADD1592290D1C500E17445 /* AppLookupResponse.swift */,
				04ADD15B2290D29400E17445 /* AppLookupResponseResult.swift */,
				04ADD15D2290D2D200E17445 /* AppDeveloperInfo.swift */,
				04ADD15F2290DA8E00E17445 /* AppEntryOpening.swift */,
			);
			path = "Other Apps";
			sourceTree = "<group>";
		};
		04ADD1622290DE6700E17445 /* Frameworks */ = {
			isa = PBXGroup;
			children = (
				04ADD1632290DE6700E17445 /* Kingfisher.framework */,
			);
			name = Frameworks;
			sourceTree = "<group>";
		};
		04D68BC3225EE2A500D09BBD /* Extensions */ = {
			isa = PBXGroup;
			children = (
				041EFF182251AAFE0058D8EE /* UIViewControllerExtensions.swift */,
				04D68BC4225EE2C000D09BBD /* GeometryExtensions.swift */,
				043CD9D0226EB0F60012F5AE /* UIImageExtensions.swift */,
				04A3AEF5227A8CE700F21229 /* UIBezierPathExtensions.swift */,
			);
			path = Extensions;
			sourceTree = "<group>";
		};
		04D68BCA2262B34600D09BBD /* Photo Permissions */ = {
			isa = PBXGroup;
			children = (
				04D68BC82262B0C400D09BBD /* PhotoPermissionsRequester.swift */,
				04D68BCB2262B35700D09BBD /* PhotoPermissionsDeniedAlertController.swift */,
				042A2B7B228A68C900353414 /* PhotoPermissionsRestrictedAlertController.swift */,
			);
			path = "Photo Permissions";
			sourceTree = "<group>";
		};
		04D68BCD2262B9BF00D09BBD /* Photo Selection */ = {
			isa = PBXGroup;
			children = (
				042B78FF229A29B8005B7A2A /* Photo Library */,
				04D68BD12262C45700D09BBD /* PhotoSelectionViewControllerTests.swift */,
				04D68BCE2262BA0E00D09BBD /* Intro View */,
			);
			path = "Photo Selection";
			sourceTree = "<group>";
		};
		04D68BCE2262BA0E00D09BBD /* Intro View */ = {
			isa = PBXGroup;
			children = (
				041EFF0D2251A9F50058D8EE /* IntroViewControllerTests.swift */,
			);
			path = "Intro View";
			sourceTree = "<group>";
		};
		04D68BCF2262C41300D09BBD /* Application */ = {
			isa = PBXGroup;
			children = (
				041EFEF82251A9F30058D8EE /* AppDelegate.swift */,
				041EFEFA2251A9F30058D8EE /* AppViewController.swift */,
				041EFF1A2251AB8D0058D8EE /* AppWindow.swift */,
				042A2B7F228D012300353414 /* Navigation */,
				042B7902229A38C0005B7A2A /* Defaults.swift */,
				042B7904229A3AC7005B7A2A /* AppRatingsPrompter.swift */,
			);
			path = Application;
			sourceTree = "<group>";
		};
		04D68BD32262C52F00D09BBD /* Test Helpers */ = {
			isa = PBXGroup;
			children = (
				04D68BD42262C54600D09BBD /* MockPhotoPermissionsRequester.swift */,
			);
			path = "Test Helpers";
			sourceTree = "<group>";
		};
		04E192A4229CD34F006F0E56 /* Workspace */ = {
			isa = PBXGroup;
			children = (
				043CD9E42277EC910012F5AE /* PhotoEditingBrushStrokeView.swift */,
				047072942268137900FF20B6 /* PhotoEditingImageView.swift */,
				042A39AE228125FA009C1C07 /* PhotoEditingRedactionView.swift */,
				047072922268134500FF20B6 /* PhotoEditingWorkspaceView.swift */,
			);
			path = Workspace;
			sourceTree = "<group>";
		};
		04E192A5229CD367006F0E56 /* Editing View */ = {
			isa = PBXGroup;
			children = (
				0454C30322963937004FDBFB /* Assets.xcassets */,
				0454C30422963937004FDBFB /* Magic.sks */,
				043CD9D7227531DF0012F5AE /* PhotoEditingObservationVisualizationView.swift */,
				043CD9D52275316E0012F5AE /* PhotoEditingScrollView.swift */,
				04E192A4229CD34F006F0E56 /* Workspace */,
				04E192A6229CD38C006F0E56 /* PhotoEditingView.swift */,
			);
			path = "Editing View";
			sourceTree = "<group>";
		};
/* End PBXGroup section */

/* Begin PBXNativeTarget section */
		041EFEF42251A9F30058D8EE /* Highlighter */ = {
			isa = PBXNativeTarget;
			buildConfigurationList = 041EFF122251A9F50058D8EE /* Build configuration list for PBXNativeTarget "Highlighter" */;
			buildPhases = (
				041EFEF12251A9F30058D8EE /* Sources */,
				041EFEF22251A9F30058D8EE /* Frameworks */,
				041EFEF32251A9F30058D8EE /* Resources */,
				04ADD1612290DDEB00E17445 /* Copy Carthage Frameworks */,
				043911D022C461F000D4AE30 /* Embed App Extensions */,
			);
			buildRules = (
			);
			dependencies = (
				043911CB22C461F000D4AE30 /* PBXTargetDependency */,
			);
			name = Highlighter;
			productName = Highlighter;
			productReference = 041EFEF52251A9F30058D8EE /* Highlighter.app */;
			productType = "com.apple.product-type.application";
		};
		041EFF082251A9F50058D8EE /* HighlighterTests */ = {
			isa = PBXNativeTarget;
			buildConfigurationList = 041EFF152251A9F50058D8EE /* Build configuration list for PBXNativeTarget "HighlighterTests" */;
			buildPhases = (
				041EFF052251A9F50058D8EE /* Sources */,
				041EFF062251A9F50058D8EE /* Frameworks */,
				041EFF072251A9F50058D8EE /* Resources */,
			);
			buildRules = (
			);
			dependencies = (
				041EFF0B2251A9F50058D8EE /* PBXTargetDependency */,
			);
			name = HighlighterTests;
			productName = HighlighterTests;
			productReference = 041EFF092251A9F50058D8EE /* HighlighterTests.xctest */;
			productType = "com.apple.product-type.bundle.unit-test";
		};
		043911BF22C461EE00D4AE30 /* Action */ = {
			isa = PBXNativeTarget;
			buildConfigurationList = 043911CF22C461F000D4AE30 /* Build configuration list for PBXNativeTarget "Action" */;
			buildPhases = (
				043911BC22C461EE00D4AE30 /* Sources */,
				043911BD22C461EE00D4AE30 /* Frameworks */,
				043911BE22C461EE00D4AE30 /* Resources */,
			);
			buildRules = (
			);
			dependencies = (
			);
			name = Action;
			productName = Action;
			productReference = 043911C022C461EE00D4AE30 /* Action.appex */;
			productType = "com.apple.product-type.app-extension";
		};
/* End PBXNativeTarget section */

/* Begin PBXProject section */
		041EFEED2251A9F30058D8EE /* Project object */ = {
			isa = PBXProject;
			attributes = {
				LastSwiftUpdateCheck = 1020;
				LastUpgradeCheck = 1020;
				ORGANIZATIONNAME = "Cocoatype, LLC";
				TargetAttributes = {
					041EFEF42251A9F30058D8EE = {
						CreatedOnToolsVersion = 10.2;
					};
					041EFF082251A9F50058D8EE = {
						CreatedOnToolsVersion = 10.2;
						TestTargetID = 041EFEF42251A9F30058D8EE;
					};
					043911BF22C461EE00D4AE30 = {
						CreatedOnToolsVersion = 10.2.1;
					};
				};
			};
			buildConfigurationList = 041EFEF02251A9F30058D8EE /* Build configuration list for PBXProject "Highlighter" */;
			compatibilityVersion = "Xcode 9.3";
			developmentRegion = en;
			hasScannedForEncodings = 0;
			knownRegions = (
				en,
				Base,
			);
			mainGroup = 041EFEEC2251A9F30058D8EE;
			productRefGroup = 041EFEF62251A9F30058D8EE /* Products */;
			projectDirPath = "";
			projectRoot = "";
			targets = (
				041EFEF42251A9F30058D8EE /* Highlighter */,
				041EFF082251A9F50058D8EE /* HighlighterTests */,
				043911BF22C461EE00D4AE30 /* Action */,
			);
		};
/* End PBXProject section */

/* Begin PBXResourcesBuildPhase section */
		041EFEF32251A9F30058D8EE /* Resources */ = {
			isa = PBXResourcesBuildPhase;
			buildActionMask = 2147483647;
			files = (
				041EFF582255A2FB0058D8EE /* Aleo-Bold.otf in Resources */,
				041EFF592255A2FB0058D8EE /* Aleo-Regular.otf in Resources */,
				041EFF032251A9F50058D8EE /* LaunchScreen.storyboard in Resources */,
				0454C30622963937004FDBFB /* Magic.sks in Resources */,
				041EFF4B225300030058D8EE /* Localizable.strings in Resources */,
				0454C30522963937004FDBFB /* Assets.xcassets in Resources */,
				041EFF002251A9F50058D8EE /* Assets.xcassets in Resources */,
			);
			runOnlyForDeploymentPostprocessing = 0;
		};
		041EFF072251A9F50058D8EE /* Resources */ = {
			isa = PBXResourcesBuildPhase;
			buildActionMask = 2147483647;
			files = (
			);
			runOnlyForDeploymentPostprocessing = 0;
		};
		043911BE22C461EE00D4AE30 /* Resources */ = {
			isa = PBXResourcesBuildPhase;
			buildActionMask = 2147483647;
			files = (
				043911C322C461F000D4AE30 /* Media.xcassets in Resources */,
				049F92CF22CD98110090C9BC /* Localizable.strings in Resources */,
				049F92BF22CAF2A20090C9BC /* InfoPlist.strings in Resources */,
				049F92CD22CAFD3C0090C9BC /* Aleo-Regular.otf in Resources */,
				049F92C222CAF4D00090C9BC /* Assets.xcassets in Resources */,
				049F92CC22CAFD3C0090C9BC /* Aleo-Bold.otf in Resources */,
			);
			runOnlyForDeploymentPostprocessing = 0;
		};
/* End PBXResourcesBuildPhase section */

/* Begin PBXShellScriptBuildPhase section */
		04ADD1612290DDEB00E17445 /* Copy Carthage Frameworks */ = {
			isa = PBXShellScriptBuildPhase;
			buildActionMask = 2147483647;
			files = (
			);
			inputFileListPaths = (
			);
			inputPaths = (
				"$(SRCROOT)/Carthage/Build/iOS/Kingfisher.framework",
			);
			name = "Copy Carthage Frameworks";
			outputFileListPaths = (
			);
			outputPaths = (
			);
			runOnlyForDeploymentPostprocessing = 0;
			shellPath = /bin/sh;
			shellScript = "/usr/local/bin/carthage copy-frameworks\n";
		};
/* End PBXShellScriptBuildPhase section */

/* Begin PBXSourcesBuildPhase section */
		041EFEF12251A9F30058D8EE /* Sources */ = {
			isa = PBXSourcesBuildPhase;
			buildActionMask = 2147483647;
			files = (
				043CD9D8227531DF0012F5AE /* PhotoEditingObservationVisualizationView.swift in Sources */,
				048D134F229F7E5100427FE3 /* CallbackAction.swift in Sources */,
				042A2B85228D01BD00353414 /* HighlighterTool.swift in Sources */,
				042A2B7A228A642100353414 /* PhotoEditingProtectionAlertController.swift in Sources */,
				043CD9E3227549330012F5AE /* SettingsTableViewDataSource.swift in Sources */,
				049F292D22875AFA00A335BE /* AboutViewController.swift in Sources */,
				049F293122875D5B00A335BE /* AcknowledgementsViewController.swift in Sources */,
				041EFF5D2255A85F0058D8EE /* NavigationController.swift in Sources */,
				041EFF492252FAF50058D8EE /* IntroViewController.swift in Sources */,
				047072952268137900FF20B6 /* PhotoEditingImageView.swift in Sources */,
				042A39AF228125FA009C1C07 /* PhotoEditingRedactionView.swift in Sources */,
				049F293522875F7E00A335BE /* ContactMailViewController.swift in Sources */,
				043CD9CF226EB0C70012F5AE /* TextObservation.swift in Sources */,
				042B7905229A3AC7005B7A2A /* AppRatingsPrompter.swift in Sources */,
				047072932268134500FF20B6 /* PhotoEditingWorkspaceView.swift in Sources */,
				043CD9E12275490E0012F5AE /* SettingsContentProvider.swift in Sources */,
				041EFF6B225C36350058D8EE /* PhotoLibraryViewController.swift in Sources */,
				043CD9DB22753D510012F5AE /* SettingsViewController.swift in Sources */,
				041EFF70225C3D830058D8EE /* PhotoLibraryView.swift in Sources */,
				043CD9E52277EC910012F5AE /* PhotoEditingBrushStrokeView.swift in Sources */,
				043911E822C4658800D4AE30 /* PhotoEditingViewController.swift in Sources */,
				043CD9C9226EB0400012F5AE /* TextRectangleDetector.swift in Sources */,
				048909F2226571AB0048E203 /* BasePhotoEditingViewController.swift in Sources */,
				041EFF552255A0B00058D8EE /* Colors.swift in Sources */,
				041EFF72225C3DC00058D8EE /* PhotoLibraryDataSource.swift in Sources */,
				04ADD15C2290D29400E17445 /* AppLookupResponseResult.swift in Sources */,
				048909F4226573750048E203 /* PhotoEditorPresenting.swift in Sources */,
				041EFEFB2251A9F30058D8EE /* AppViewController.swift in Sources */,
				042A2B87228D08D800353414 /* CharacterObservationRedaction.swift in Sources */,
				041EFF6E225C38800058D8EE /* PhotoSelectionViewController.swift in Sources */,
				042A39AD22811F87009C1C07 /* Redaction.swift in Sources */,
				049F292B22875ADD00A335BE /* WebViewController.swift in Sources */,
				04D68BCC2262B35700D09BBD /* PhotoPermissionsDeniedAlertController.swift in Sources */,
				042A2B81228D012F00353414 /* NavigationBar.swift in Sources */,
				043CD9D62275316E0012F5AE /* PhotoEditingScrollView.swift in Sources */,
				04A3AEF6227A8CE700F21229 /* UIBezierPathExtensions.swift in Sources */,
				04ADD1562290CCC200E17445 /* AppEntry.swift in Sources */,
				04D68BC92262B0C400D09BBD /* PhotoPermissionsRequester.swift in Sources */,
				041EFF192251AAFE0058D8EE /* UIViewControllerExtensions.swift in Sources */,
				041EFF52225303430058D8EE /* PromptButton.swift in Sources */,
				041EFEF92251A9F30058D8EE /* AppDelegate.swift in Sources */,
				043CD9DD227548C20012F5AE /* SettingsTableView.swift in Sources */,
				042A2B78228A5B6F00353414 /* PhotoExporter.swift in Sources */,
				041EFF76225C3DF10058D8EE /* PhotoLibraryViewLayout.swift in Sources */,
				04ADD15A2290D1C500E17445 /* AppLookupResponse.swift in Sources */,
				042A2B89228D091000353414 /* PathRedaction.swift in Sources */,
				049F292F22875B1300A335BE /* PrivacyViewController.swift in Sources */,
				04ADD15E2290D2D200E17445 /* AppDeveloperInfo.swift in Sources */,
				042B78FA229A2560005B7A2A /* SettingsAppEntryTableViewCell.swift in Sources */,
				04D68BC7225EE2FD00D09BBD /* PhotoLibraryViewCellImageView.swift in Sources */,
				041EFF5B2255A39D0058D8EE /* Fonts.swift in Sources */,
				042A2B7E228CFEDB00353414 /* PhotoEditingNavigationController.swift in Sources */,
				04E192A7229CD38C006F0E56 /* PhotoEditingView.swift in Sources */,
				042A2B7C228A68C900353414 /* PhotoPermissionsRestrictedAlertController.swift in Sources */,
				041EFF50225303120058D8EE /* PromptLabel.swift in Sources */,
				043CD9D1226EB0F60012F5AE /* UIImageExtensions.swift in Sources */,
				043CD9DF227548F30012F5AE /* SettingsTableViewCell.swift in Sources */,
				042B78FE229A259C005B7A2A /* SettingsTableViewCellImageView.swift in Sources */,
				042A2B83228D014900353414 /* Toolbar.swift in Sources */,
				049F293322875E4D00A335BE /* ContactWebViewController.swift in Sources */,
				04ADD1602290DA8E00E17445 /* AppEntryOpening.swift in Sources */,
				04A3AEF8227A924D00F21229 /* CharacterObservation.swift in Sources */,
				042B78FC229A257E005B7A2A /* SettingsTableViewCellLabel.swift in Sources */,
				041EFF1B2251AB8D0058D8EE /* AppWindow.swift in Sources */,
				041EFF4E225302CC0058D8EE /* IntroView.swift in Sources */,
				049F2928228755DB00A335BE /* SettingsNavigationController.swift in Sources */,
				041EFF74225C3DD20058D8EE /* PhotoLibraryViewCell.swift in Sources */,
				042B7903229A38C0005B7A2A /* Defaults.swift in Sources */,
				04D68BC5225EE2C000D09BBD /* GeometryExtensions.swift in Sources */,
				043CD9CB226EB0830012F5AE /* TextRectangleDetectionOperation.swift in Sources */,
				04ADD1582290CFF100E17445 /* AppListFetcher.swift in Sources */,
			);
			runOnlyForDeploymentPostprocessing = 0;
		};
		041EFF052251A9F50058D8EE /* Sources */ = {
			isa = PBXSourcesBuildPhase;
			buildActionMask = 2147483647;
			files = (
				04D68BD52262C54600D09BBD /* MockPhotoPermissionsRequester.swift in Sources */,
				042B7901229A29C9005B7A2A /* PhotoLibraryViewLayoutTests.swift in Sources */,
				04D68BD22262C45700D09BBD /* PhotoSelectionViewControllerTests.swift in Sources */,
				048D1352229F7EAB00427FE3 /* CallbackActionTests.swift in Sources */,
				041EFF0E2251A9F50058D8EE /* IntroViewControllerTests.swift in Sources */,
			);
			runOnlyForDeploymentPostprocessing = 0;
		};
		043911BC22C461EE00D4AE30 /* Sources */ = {
			isa = PBXSourcesBuildPhase;
			buildActionMask = 2147483647;
			files = (
				043911DF22C463E200D4AE30 /* PhotoEditingObservationVisualizationView.swift in Sources */,
				049F92C722CAFAEF0090C9BC /* Toolbar.swift in Sources */,
				049F92C522CAFAA40090C9BC /* NavigationController.swift in Sources */,
				049F92D122CD9C350090C9BC /* ActionEditingDismissalAlertController.swift in Sources */,
				043911E522C4641700D4AE30 /* UIImageExtensions.swift in Sources */,
				049F92C422CAFA680090C9BC /* ActionNavigationController.swift in Sources */,
				043911E622C4642900D4AE30 /* PhotoEditingScrollView.swift in Sources */,
				049F92C622CAFAED0090C9BC /* NavigationBar.swift in Sources */,
				043911D922C4638100D4AE30 /* PhotoEditingRedactionView.swift in Sources */,
				043911D122C4632000D4AE30 /* BasePhotoEditingViewController.swift in Sources */,
				049F92CB22CAFCE60090C9BC /* Fonts.swift in Sources */,
				043911D422C4635C00D4AE30 /* TextObservation.swift in Sources */,
				043911D522C4636800D4AE30 /* TextRectangleDetectionOperation.swift in Sources */,
				043911E122C463EF00D4AE30 /* GeometryExtensions.swift in Sources */,
				043911D722C4637400D4AE30 /* Redaction.swift in Sources */,
				043911E022C463EA00D4AE30 /* UIBezierPathExtensions.swift in Sources */,
				049F92C922CAFC5D0090C9BC /* ActionViewController.swift in Sources */,
				043911D222C4634500D4AE30 /* TextRectangleDetector.swift in Sources */,
				043911DA22C4638400D4AE30 /* PhotoEditingImageView.swift in Sources */,
				043911DB22C4638700D4AE30 /* PhotoEditingBrushStrokeView.swift in Sources */,
				043911DC22C4639200D4AE30 /* Colors.swift in Sources */,
				043911E422C4640000D4AE30 /* CharacterObservation.swift in Sources */,
				049F92CA22CAFC860090C9BC /* UIViewControllerExtensions.swift in Sources */,
				043911E222C463F800D4AE30 /* CharacterObservationRedaction.swift in Sources */,
				043911D822C4637E00D4AE30 /* PhotoEditingWorkspaceView.swift in Sources */,
				043911D322C4635100D4AE30 /* PhotoEditingView.swift in Sources */,
				043911D622C4636F00D4AE30 /* HighlighterTool.swift in Sources */,
				043911E322C463FB00D4AE30 /* PathRedaction.swift in Sources */,
				043911C522C461F000D4AE30 /* ActionEditingViewController.swift in Sources */,
				043911DD22C463A900D4AE30 /* PhotoExporter.swift in Sources */,
			);
			runOnlyForDeploymentPostprocessing = 0;
		};
/* End PBXSourcesBuildPhase section */

/* Begin PBXTargetDependency section */
		041EFF0B2251A9F50058D8EE /* PBXTargetDependency */ = {
			isa = PBXTargetDependency;
			target = 041EFEF42251A9F30058D8EE /* Highlighter */;
			targetProxy = 041EFF0A2251A9F50058D8EE /* PBXContainerItemProxy */;
		};
		043911CB22C461F000D4AE30 /* PBXTargetDependency */ = {
			isa = PBXTargetDependency;
			target = 043911BF22C461EE00D4AE30 /* Action */;
			targetProxy = 043911CA22C461F000D4AE30 /* PBXContainerItemProxy */;
		};
/* End PBXTargetDependency section */

/* Begin PBXVariantGroup section */
		041EFF012251A9F50058D8EE /* LaunchScreen.storyboard */ = {
			isa = PBXVariantGroup;
			children = (
				041EFF022251A9F50058D8EE /* Base */,
			);
			name = LaunchScreen.storyboard;
			sourceTree = "<group>";
		};
		049F92C122CAF2A20090C9BC /* InfoPlist.strings */ = {
			isa = PBXVariantGroup;
			children = (
				049F92C022CAF2A20090C9BC /* en */,
			);
			name = InfoPlist.strings;
			sourceTree = "<group>";
		};
/* End PBXVariantGroup section */

/* Begin XCBuildConfiguration section */
		041EFF102251A9F50058D8EE /* Debug */ = {
			isa = XCBuildConfiguration;
			buildSettings = {
				ALWAYS_SEARCH_USER_PATHS = NO;
				ASSETCATALOG_COMPILER_APPICON_NAME = AppIcon;
				CLANG_ANALYZER_NONNULL = YES;
				CLANG_ANALYZER_NUMBER_OBJECT_CONVERSION = YES_AGGRESSIVE;
				CLANG_CXX_LANGUAGE_STANDARD = "gnu++14";
				CLANG_CXX_LIBRARY = "libc++";
				CLANG_ENABLE_MODULES = YES;
				CLANG_ENABLE_OBJC_ARC = YES;
				CLANG_ENABLE_OBJC_WEAK = YES;
				CLANG_WARN_BLOCK_CAPTURE_AUTORELEASING = YES;
				CLANG_WARN_BOOL_CONVERSION = YES;
				CLANG_WARN_COMMA = YES;
				CLANG_WARN_CONSTANT_CONVERSION = YES;
				CLANG_WARN_DEPRECATED_OBJC_IMPLEMENTATIONS = YES;
				CLANG_WARN_DIRECT_OBJC_ISA_USAGE = YES_ERROR;
				CLANG_WARN_DOCUMENTATION_COMMENTS = YES;
				CLANG_WARN_EMPTY_BODY = YES;
				CLANG_WARN_ENUM_CONVERSION = YES;
				CLANG_WARN_INFINITE_RECURSION = YES;
				CLANG_WARN_INT_CONVERSION = YES;
				CLANG_WARN_NON_LITERAL_NULL_CONVERSION = YES;
				CLANG_WARN_OBJC_IMPLICIT_RETAIN_SELF = YES;
				CLANG_WARN_OBJC_LITERAL_CONVERSION = YES;
				CLANG_WARN_OBJC_ROOT_CLASS = YES_ERROR;
				CLANG_WARN_RANGE_LOOP_ANALYSIS = YES;
				CLANG_WARN_STRICT_PROTOTYPES = YES;
				CLANG_WARN_SUSPICIOUS_MOVE = YES;
				CLANG_WARN_UNGUARDED_AVAILABILITY = YES_AGGRESSIVE;
				CLANG_WARN_UNREACHABLE_CODE = YES;
				CLANG_WARN__DUPLICATE_METHOD_MATCH = YES;
				CODE_SIGN_IDENTITY = "iPhone Developer";
				COPY_PHASE_STRIP = NO;
				CURRENT_PROJECT_VERSION = 1;
				DEBUG_INFORMATION_FORMAT = dwarf;
				ENABLE_STRICT_OBJC_MSGSEND = YES;
				ENABLE_TESTABILITY = YES;
				GCC_C_LANGUAGE_STANDARD = gnu11;
				GCC_DYNAMIC_NO_PIC = NO;
				GCC_NO_COMMON_BLOCKS = YES;
				GCC_OPTIMIZATION_LEVEL = 0;
				GCC_PREPROCESSOR_DEFINITIONS = (
					"DEBUG=1",
					"$(inherited)",
				);
				GCC_WARN_64_TO_32_BIT_CONVERSION = YES;
				GCC_WARN_ABOUT_RETURN_TYPE = YES_ERROR;
				GCC_WARN_UNDECLARED_SELECTOR = YES;
				GCC_WARN_UNINITIALIZED_AUTOS = YES_AGGRESSIVE;
				GCC_WARN_UNUSED_FUNCTION = YES;
				GCC_WARN_UNUSED_VARIABLE = YES;
				IPHONEOS_DEPLOYMENT_TARGET = 12.2;
				MTL_ENABLE_DEBUG_INFO = INCLUDE_SOURCE;
				MTL_FAST_MATH = YES;
				ONLY_ACTIVE_ARCH = YES;
				SDKROOT = iphoneos;
				SWIFT_ACTIVE_COMPILATION_CONDITIONS = DEBUG;
				SWIFT_OPTIMIZATION_LEVEL = "-Onone";
				VERSIONING_SYSTEM = "apple-generic";
			};
			name = Debug;
		};
		041EFF112251A9F50058D8EE /* Release */ = {
			isa = XCBuildConfiguration;
			buildSettings = {
				ALWAYS_SEARCH_USER_PATHS = NO;
				ASSETCATALOG_COMPILER_APPICON_NAME = AppIcon;
				CLANG_ANALYZER_NONNULL = YES;
				CLANG_ANALYZER_NUMBER_OBJECT_CONVERSION = YES_AGGRESSIVE;
				CLANG_CXX_LANGUAGE_STANDARD = "gnu++14";
				CLANG_CXX_LIBRARY = "libc++";
				CLANG_ENABLE_MODULES = YES;
				CLANG_ENABLE_OBJC_ARC = YES;
				CLANG_ENABLE_OBJC_WEAK = YES;
				CLANG_WARN_BLOCK_CAPTURE_AUTORELEASING = YES;
				CLANG_WARN_BOOL_CONVERSION = YES;
				CLANG_WARN_COMMA = YES;
				CLANG_WARN_CONSTANT_CONVERSION = YES;
				CLANG_WARN_DEPRECATED_OBJC_IMPLEMENTATIONS = YES;
				CLANG_WARN_DIRECT_OBJC_ISA_USAGE = YES_ERROR;
				CLANG_WARN_DOCUMENTATION_COMMENTS = YES;
				CLANG_WARN_EMPTY_BODY = YES;
				CLANG_WARN_ENUM_CONVERSION = YES;
				CLANG_WARN_INFINITE_RECURSION = YES;
				CLANG_WARN_INT_CONVERSION = YES;
				CLANG_WARN_NON_LITERAL_NULL_CONVERSION = YES;
				CLANG_WARN_OBJC_IMPLICIT_RETAIN_SELF = YES;
				CLANG_WARN_OBJC_LITERAL_CONVERSION = YES;
				CLANG_WARN_OBJC_ROOT_CLASS = YES_ERROR;
				CLANG_WARN_RANGE_LOOP_ANALYSIS = YES;
				CLANG_WARN_STRICT_PROTOTYPES = YES;
				CLANG_WARN_SUSPICIOUS_MOVE = YES;
				CLANG_WARN_UNGUARDED_AVAILABILITY = YES_AGGRESSIVE;
				CLANG_WARN_UNREACHABLE_CODE = YES;
				CLANG_WARN__DUPLICATE_METHOD_MATCH = YES;
				CODE_SIGN_IDENTITY = "iPhone Distribution";
				COPY_PHASE_STRIP = NO;
				CURRENT_PROJECT_VERSION = 1;
				DEBUG_INFORMATION_FORMAT = "dwarf-with-dsym";
				ENABLE_NS_ASSERTIONS = NO;
				ENABLE_STRICT_OBJC_MSGSEND = YES;
				GCC_C_LANGUAGE_STANDARD = gnu11;
				GCC_NO_COMMON_BLOCKS = YES;
				GCC_WARN_64_TO_32_BIT_CONVERSION = YES;
				GCC_WARN_ABOUT_RETURN_TYPE = YES_ERROR;
				GCC_WARN_UNDECLARED_SELECTOR = YES;
				GCC_WARN_UNINITIALIZED_AUTOS = YES_AGGRESSIVE;
				GCC_WARN_UNUSED_FUNCTION = YES;
				GCC_WARN_UNUSED_VARIABLE = YES;
				IPHONEOS_DEPLOYMENT_TARGET = 12.2;
				MTL_ENABLE_DEBUG_INFO = NO;
				MTL_FAST_MATH = YES;
				SDKROOT = iphoneos;
				SWIFT_COMPILATION_MODE = wholemodule;
				SWIFT_OPTIMIZATION_LEVEL = "-O";
				VALIDATE_PRODUCT = YES;
				VERSIONING_SYSTEM = "apple-generic";
			};
			name = Release;
		};
		041EFF132251A9F50058D8EE /* Debug */ = {
			isa = XCBuildConfiguration;
			buildSettings = {
				ALWAYS_EMBED_SWIFT_STANDARD_LIBRARIES = YES;
				ASSETCATALOG_COMPILER_APPICON_NAME = AppIcon;
				CODE_SIGN_STYLE = Automatic;
				DEVELOPMENT_TEAM = 287EDDET2B;
				FRAMEWORK_SEARCH_PATHS = (
					"$(inherited)",
					"$(PROJECT_DIR)/Carthage/Build/iOS",
				);
				INFOPLIST_FILE = Highlighter/Info.plist;
				LD_RUNPATH_SEARCH_PATHS = (
					"$(inherited)",
					"@executable_path/Frameworks",
				);
				PRODUCT_BUNDLE_IDENTIFIER = com.cocoatype.Highlighter;
				PRODUCT_NAME = "$(TARGET_NAME)";
				SWIFT_VERSION = 5.0;
				TARGETED_DEVICE_FAMILY = "1,2";
			};
			name = Debug;
		};
		041EFF142251A9F50058D8EE /* Release */ = {
			isa = XCBuildConfiguration;
			buildSettings = {
				ALWAYS_EMBED_SWIFT_STANDARD_LIBRARIES = YES;
				ASSETCATALOG_COMPILER_APPICON_NAME = AppIcon;
				CODE_SIGN_STYLE = Automatic;
				DEVELOPMENT_TEAM = 287EDDET2B;
				FRAMEWORK_SEARCH_PATHS = (
					"$(inherited)",
					"$(PROJECT_DIR)/Carthage/Build/iOS",
				);
				INFOPLIST_FILE = Highlighter/Info.plist;
				LD_RUNPATH_SEARCH_PATHS = (
					"$(inherited)",
					"@executable_path/Frameworks",
				);
				PRODUCT_BUNDLE_IDENTIFIER = com.cocoatype.Highlighter;
				PRODUCT_NAME = "$(TARGET_NAME)";
				SWIFT_VERSION = 5.0;
				TARGETED_DEVICE_FAMILY = "1,2";
			};
			name = Release;
		};
		041EFF162251A9F50058D8EE /* Debug */ = {
			isa = XCBuildConfiguration;
			buildSettings = {
				ALWAYS_EMBED_SWIFT_STANDARD_LIBRARIES = YES;
				BUNDLE_LOADER = "$(TEST_HOST)";
				CODE_SIGN_STYLE = Automatic;
				DEVELOPMENT_TEAM = 287EDDET2B;
				INFOPLIST_FILE = HighlighterTests/Info.plist;
				LD_RUNPATH_SEARCH_PATHS = (
					"$(inherited)",
					"@executable_path/Frameworks",
					"@loader_path/Frameworks",
				);
				PRODUCT_BUNDLE_IDENTIFIER = com.cocoatype.HighlighterTests;
				PRODUCT_NAME = "$(TARGET_NAME)";
				SWIFT_VERSION = 5.0;
				TARGETED_DEVICE_FAMILY = "1,2";
				TEST_HOST = "$(BUILT_PRODUCTS_DIR)/Highlighter.app/Highlighter";
			};
			name = Debug;
		};
		041EFF172251A9F50058D8EE /* Release */ = {
			isa = XCBuildConfiguration;
			buildSettings = {
				ALWAYS_EMBED_SWIFT_STANDARD_LIBRARIES = YES;
				BUNDLE_LOADER = "$(TEST_HOST)";
				CODE_SIGN_STYLE = Automatic;
				DEVELOPMENT_TEAM = 287EDDET2B;
				INFOPLIST_FILE = HighlighterTests/Info.plist;
				LD_RUNPATH_SEARCH_PATHS = (
					"$(inherited)",
					"@executable_path/Frameworks",
					"@loader_path/Frameworks",
				);
				PRODUCT_BUNDLE_IDENTIFIER = com.cocoatype.HighlighterTests;
				PRODUCT_NAME = "$(TARGET_NAME)";
				SWIFT_VERSION = 5.0;
				TARGETED_DEVICE_FAMILY = "1,2";
				TEST_HOST = "$(BUILT_PRODUCTS_DIR)/Highlighter.app/Highlighter";
			};
			name = Release;
		};
		043911CD22C461F000D4AE30 /* Debug */ = {
			isa = XCBuildConfiguration;
			buildSettings = {
				ASSETCATALOG_COMPILER_APPICON_NAME = ActionIcon;
				CODE_SIGN_STYLE = Automatic;
				DEVELOPMENT_TEAM = 287EDDET2B;
				INFOPLIST_FILE = Action/Info.plist;
				LD_RUNPATH_SEARCH_PATHS = (
					"$(inherited)",
					"@executable_path/Frameworks",
					"@executable_path/../../Frameworks",
				);
				PRODUCT_BUNDLE_IDENTIFIER = com.cocoatype.Highlighter.Action;
				PRODUCT_NAME = "$(TARGET_NAME)";
				SKIP_INSTALL = YES;
				SWIFT_VERSION = 5.0;
				TARGETED_DEVICE_FAMILY = "1,2";
			};
			name = Debug;
		};
		043911CE22C461F000D4AE30 /* Release */ = {
			isa = XCBuildConfiguration;
			buildSettings = {
				ASSETCATALOG_COMPILER_APPICON_NAME = ActionIcon;
				CODE_SIGN_IDENTITY = "iPhone Distribution";
				CODE_SIGN_STYLE = Automatic;
				DEVELOPMENT_TEAM = 287EDDET2B;
				INFOPLIST_FILE = Action/Info.plist;
				LD_RUNPATH_SEARCH_PATHS = (
					"$(inherited)",
					"@executable_path/Frameworks",
					"@executable_path/../../Frameworks",
				);
				PRODUCT_BUNDLE_IDENTIFIER = com.cocoatype.Highlighter.Action;
				PRODUCT_NAME = "$(TARGET_NAME)";
				SKIP_INSTALL = YES;
				SWIFT_VERSION = 5.0;
				TARGETED_DEVICE_FAMILY = "1,2";
			};
			name = Release;
		};
/* End XCBuildConfiguration section */

/* Begin XCConfigurationList section */
		041EFEF02251A9F30058D8EE /* Build configuration list for PBXProject "Highlighter" */ = {
			isa = XCConfigurationList;
			buildConfigurations = (
				041EFF102251A9F50058D8EE /* Debug */,
				041EFF112251A9F50058D8EE /* Release */,
			);
			defaultConfigurationIsVisible = 0;
			defaultConfigurationName = Release;
		};
		041EFF122251A9F50058D8EE /* Build configuration list for PBXNativeTarget "Highlighter" */ = {
			isa = XCConfigurationList;
			buildConfigurations = (
				041EFF132251A9F50058D8EE /* Debug */,
				041EFF142251A9F50058D8EE /* Release */,
			);
			defaultConfigurationIsVisible = 0;
			defaultConfigurationName = Release;
		};
		041EFF152251A9F50058D8EE /* Build configuration list for PBXNativeTarget "HighlighterTests" */ = {
			isa = XCConfigurationList;
			buildConfigurations = (
				041EFF162251A9F50058D8EE /* Debug */,
				041EFF172251A9F50058D8EE /* Release */,
			);
			defaultConfigurationIsVisible = 0;
			defaultConfigurationName = Release;
		};
		043911CF22C461F000D4AE30 /* Build configuration list for PBXNativeTarget "Action" */ = {
			isa = XCConfigurationList;
			buildConfigurations = (
				043911CD22C461F000D4AE30 /* Debug */,
				043911CE22C461F000D4AE30 /* Release */,
			);
			defaultConfigurationIsVisible = 0;
			defaultConfigurationName = Release;
		};
/* End XCConfigurationList section */
	};
	rootObject = 041EFEED2251A9F30058D8EE /* Project object */;
}
